
Microsoft Visual Studio Solution File, Format Version 12.00
# Visual Studio 2013
VisualStudioVersion = 12.0.31101.0
MinimumVisualStudioVersion = 10.0.40219.1
Project("{FAE04EC0-301F-11D3-BF4B-00C04F79EFBC}") = "COMP2007_Lab01", "COMP2007_Lab01\COMP2007_Lab01.csproj", "{D7D9A6EA-1F7E-4B61-AE9E-A77E6765F7CC}"
EndProject
Global
	GlobalSection(SolutionConfigurationPlatforms) = preSolution
		Debug|Any CPU = Debug|Any CPU
		Release|Any CPU = Release|Any CPU
	EndGlobalSection
	GlobalSection(ProjectConfigurationPlatforms) = postSolution
		{D7D9A6EA-1F7E-4B61-AE9E-A77E6765F7CC}.Debug|Any CPU.ActiveCfg = Debug|Any CPU
		{D7D9A6EA-1F7E-4B61-AE9E-A77E6765F7CC}.Debug|Any CPU.Build.0 = Debug|Any CPU
		{D7D9A6EA-1F7E-4B61-AE9E-A77E6765F7CC}.Release|Any CPU.ActiveCfg = Release|Any CPU
		{D7D9A6EA-1F7E-4B61-AE9E-A77E6765F7CC}.Release|Any CPU.Build.0 = Release|Any CPU
	EndGlobalSection
	GlobalSection(SolutionProperties) = preSolution
		HideSolutionNode = FALSE
	EndGlobalSection
EndGlobal
